
Microsoft Visual Studio Solution File, Format Version 12.00
# Visual Studio Version 17
VisualStudioVersion = 17.11.35327.3
MinimumVisualStudioVersion = 10.0.40219.1
Project("{FAE04EC0-301F-11D3-BF4B-00C04F79EFBC}") = "MyNightDapperProject", "MyNightDapperProject\MyNightDapperProject.csproj", "{1A12F060-9818-4CEB-A954-7C1825A686B6}"
EndProject
Global
	GlobalSection(SolutionConfigurationPlatforms) = preSolution
		Debug|Any CPU = Debug|Any CPU
		Release|Any CPU = Release|Any CPU
	EndGlobalSection
	GlobalSection(ProjectConfigurationPlatforms) = postSolution
		{1A12F060-9818-4CEB-A954-7C1825A686B6}.Debug|Any CPU.ActiveCfg = Debug|Any CPU
		{1A12F060-9818-4CEB-A954-7C1825A686B6}.Debug|Any CPU.Build.0 = Debug|Any CPU
		{1A12F060-9818-4CEB-A954-7C1825A686B6}.Release|Any CPU.ActiveCfg = Release|Any CPU
		{1A12F060-9818-4CEB-A954-7C1825A686B6}.Release|Any CPU.Build.0 = Release|Any CPU
	EndGlobalSection
	GlobalSection(SolutionProperties) = preSolution
		HideSolutionNode = FALSE
	EndGlobalSection
	GlobalSection(ExtensibilityGlobals) = postSolution
		SolutionGuid = {F32685D5-9BC6-4561-85D3-C2E3BE148B43}
	EndGlobalSection
EndGlobal
